
Microsoft Visual Studio Solution File, Format Version 12.00
# Visual Studio Version 17
VisualStudioVersion = 17.4.32916.344
MinimumVisualStudioVersion = 10.0.40219.1
Project("{9A19103F-16F7-4668-BE54-9A1E7A4F7556}") = "Cranks.Targets.Analyzer", "Cranks.Targets.PackableAnalyzer\Cranks.Targets.Analyzer.csproj", "{47783A55-5A80-45C9-9B22-8260FD748BAB}"
EndProject
Project("{2150E333-8FDC-42A3-9474-1A3956D46DE8}") = "Solution Items", "Solution Items", "{849446E9-B144-42B5-8BA3-98C04150C27C}"
	ProjectSection(SolutionItems) = preProject
		..\.editorconfig = ..\.editorconfig
		Directory.Build.props = Directory.Build.props
		README.md = README.md
	EndProjectSection
EndProject
Project("{9A19103F-16F7-4668-BE54-9A1E7A4F7556}") = "Cranks.Targets.AnalyzerReference", "Cranks.Targets.IncludePackedAnalyzer\Cranks.Targets.AnalyzerReference.csproj", "{1CD29A62-EC28-4070-8F46-BF5073D6EB83}"
EndProject
Project("{FAE04EC0-301F-11D3-BF4B-00C04F79EFBC}") = "Cranks.Targets.AnalyzerPackage", "Cranks.Targets.PackAnalyzer\Cranks.Targets.AnalyzerPackage.csproj", "{497E63E9-CA32-4D91-A646-754F3C19B163}"
EndProject
Global
	GlobalSection(SolutionConfigurationPlatforms) = preSolution
		Debug|Any CPU = Debug|Any CPU
		Release|Any CPU = Release|Any CPU
	EndGlobalSection
	GlobalSection(ProjectConfigurationPlatforms) = postSolution
		{47783A55-5A80-45C9-9B22-8260FD748BAB}.Debug|Any CPU.ActiveCfg = Debug|Any CPU
		{47783A55-5A80-45C9-9B22-8260FD748BAB}.Debug|Any CPU.Build.0 = Debug|Any CPU
		{47783A55-5A80-45C9-9B22-8260FD748BAB}.Release|Any CPU.ActiveCfg = Release|Any CPU
		{47783A55-5A80-45C9-9B22-8260FD748BAB}.Release|Any CPU.Build.0 = Release|Any CPU
		{1CD29A62-EC28-4070-8F46-BF5073D6EB83}.Debug|Any CPU.ActiveCfg = Debug|Any CPU
		{1CD29A62-EC28-4070-8F46-BF5073D6EB83}.Debug|Any CPU.Build.0 = Debug|Any CPU
		{1CD29A62-EC28-4070-8F46-BF5073D6EB83}.Release|Any CPU.ActiveCfg = Release|Any CPU
		{1CD29A62-EC28-4070-8F46-BF5073D6EB83}.Release|Any CPU.Build.0 = Release|Any CPU
		{497E63E9-CA32-4D91-A646-754F3C19B163}.Debug|Any CPU.ActiveCfg = Debug|Any CPU
		{497E63E9-CA32-4D91-A646-754F3C19B163}.Debug|Any CPU.Build.0 = Debug|Any CPU
		{497E63E9-CA32-4D91-A646-754F3C19B163}.Release|Any CPU.ActiveCfg = Release|Any CPU
		{497E63E9-CA32-4D91-A646-754F3C19B163}.Release|Any CPU.Build.0 = Release|Any CPU
	EndGlobalSection
	GlobalSection(SolutionProperties) = preSolution
		HideSolutionNode = FALSE
	EndGlobalSection
	GlobalSection(ExtensibilityGlobals) = postSolution
		SolutionGuid = {B137F177-88E2-4EC6-8F10-A66BE107705C}
	EndGlobalSection
EndGlobal
